// !$*UTF8*$!
{
	archiveVersion = 1;
	classes = {
	};
	objectVersion = 55;
	objects = {

/* Begin PBXBuildFile section */
		75600873280EDD2F00B7A120 /* MangaListViewModel.swift in Sources */ = {isa = PBXBuildFile; fileRef = 75600872280EDD2F00B7A120 /* MangaListViewModel.swift */; };
		75A44F8D28044B2F00F07058 /* MangaDokushaError.swift in Sources */ = {isa = PBXBuildFile; fileRef = 75A44F8C28044B2F00F07058 /* MangaDokushaError.swift */; };
		75A44F8F28049C2E00F07058 /* ListMangaService.swift in Sources */ = {isa = PBXBuildFile; fileRef = 75A44F8E28049C2E00F07058 /* ListMangaService.swift */; };
		75A44F91280594C900F07058 /* Extension+View.swift in Sources */ = {isa = PBXBuildFile; fileRef = 75A44F90280594C800F07058 /* Extension+View.swift */; };
		75A44F952805F37100F07058 /* MangaListView.swift in Sources */ = {isa = PBXBuildFile; fileRef = 75A44F942805F37100F07058 /* MangaListView.swift */; };
		75B4CEA4282C2FA4003D7EA5 /* ErrorHandle.swift in Sources */ = {isa = PBXBuildFile; fileRef = 75B4CEA3282C2FA4003D7EA5 /* ErrorHandle.swift */; };
		75B4CEA6282CC28B003D7EA5 /* CustomAsyncImage.swift in Sources */ = {isa = PBXBuildFile; fileRef = 75B4CEA5282CC28B003D7EA5 /* CustomAsyncImage.swift */; };
		75B4CEA8282CC93A003D7EA5 /* TagsView.swift in Sources */ = {isa = PBXBuildFile; fileRef = 75B4CEA7282CC93A003D7EA5 /* TagsView.swift */; };
		75B4CEAB282CD3EE003D7EA5 /* Model.xcdatamodeld in Sources */ = {isa = PBXBuildFile; fileRef = 75B4CEA9282CD3EE003D7EA5 /* Model.xcdatamodeld */; };
		75B4CEAD282D3D73003D7EA5 /* DownloadsView.swift in Sources */ = {isa = PBXBuildFile; fileRef = 75B4CEAC282D3D73003D7EA5 /* DownloadsView.swift */; };
		75B4CEB4282E22F6003D7EA5 /* CoreDataManager.swift in Sources */ = {isa = PBXBuildFile; fileRef = 75B4CEB3282E22F6003D7EA5 /* CoreDataManager.swift */; };
		75B4CEB6282E2428003D7EA5 /* ChapterViewModel.swift in Sources */ = {isa = PBXBuildFile; fileRef = 75B4CEB5282E2428003D7EA5 /* ChapterViewModel.swift */; };
		75B4CEB8282E2C0B003D7EA5 /* DownloadsViewModel.swift in Sources */ = {isa = PBXBuildFile; fileRef = 75B4CEB7282E2C0B003D7EA5 /* DownloadsViewModel.swift */; };
		75B4CEBA282E4C11003D7EA5 /* MangaListCard.swift in Sources */ = {isa = PBXBuildFile; fileRef = 75B4CEB9282E4C11003D7EA5 /* MangaListCard.swift */; };
		75B4CEBC282E4C80003D7EA5 /* MangaCardViewModel.swift in Sources */ = {isa = PBXBuildFile; fileRef = 75B4CEBB282E4C80003D7EA5 /* MangaCardViewModel.swift */; };
		75BDB2B127FDD1EB00C00EE7 /* MangaDokushaApp.swift in Sources */ = {isa = PBXBuildFile; fileRef = 75BDB2B027FDD1EB00C00EE7 /* MangaDokushaApp.swift */; };
		75BDB2B327FDD1EB00C00EE7 /* ContentView.swift in Sources */ = {isa = PBXBuildFile; fileRef = 75BDB2B227FDD1EB00C00EE7 /* ContentView.swift */; };
		75BDB2B527FDD1EC00C00EE7 /* Assets.xcassets in Resources */ = {isa = PBXBuildFile; fileRef = 75BDB2B427FDD1EC00C00EE7 /* Assets.xcassets */; };
		75BDB2B827FDD1ED00C00EE7 /* Preview Assets.xcassets in Resources */ = {isa = PBXBuildFile; fileRef = 75BDB2B727FDD1ED00C00EE7 /* Preview Assets.xcassets */; };
		75BDB2C227FDD1ED00C00EE7 /* MangaDokushaTests.swift in Sources */ = {isa = PBXBuildFile; fileRef = 75BDB2C127FDD1ED00C00EE7 /* MangaDokushaTests.swift */; };
		75BDB2CC27FDD1ED00C00EE7 /* MangaDokushaUITests.swift in Sources */ = {isa = PBXBuildFile; fileRef = 75BDB2CB27FDD1ED00C00EE7 /* MangaDokushaUITests.swift */; };
		75BDB2CE27FDD1ED00C00EE7 /* MangaDokushaUITestsLaunchTests.swift in Sources */ = {isa = PBXBuildFile; fileRef = 75BDB2CD27FDD1ED00C00EE7 /* MangaDokushaUITestsLaunchTests.swift */; };
		75BDB2DB27FDD34300C00EE7 /* ApiService.swift in Sources */ = {isa = PBXBuildFile; fileRef = 75BDB2DA27FDD34300C00EE7 /* ApiService.swift */; };
		75BDB2DE27FE029100C00EE7 /* MangaDetailService.swift in Sources */ = {isa = PBXBuildFile; fileRef = 75BDB2DD27FE029100C00EE7 /* MangaDetailService.swift */; };
		75BDB2E727FE09B300C00EE7 /* ContentViewModel.swift in Sources */ = {isa = PBXBuildFile; fileRef = 75BDB2E627FE09B300C00EE7 /* ContentViewModel.swift */; };
		75BDB2ED2800367F00C00EE7 /* ListChapterService.swift in Sources */ = {isa = PBXBuildFile; fileRef = 75BDB2EC2800367F00C00EE7 /* ListChapterService.swift */; };
		75BDB2F128008A5E00C00EE7 /* ListChapterView.swift in Sources */ = {isa = PBXBuildFile; fileRef = 75BDB2F028008A5E00C00EE7 /* ListChapterView.swift */; };
		75BDB2F328008BEF00C00EE7 /* ListChapterViewModel.swift in Sources */ = {isa = PBXBuildFile; fileRef = 75BDB2F228008BEF00C00EE7 /* ListChapterViewModel.swift */; };
		75BDB2F6280093A700C00EE7 /* HomeBaseView.swift in Sources */ = {isa = PBXBuildFile; fileRef = 75BDB2F5280093A700C00EE7 /* HomeBaseView.swift */; };
		75BDB2F828009E4700C00EE7 /* ReadChapterService.swift in Sources */ = {isa = PBXBuildFile; fileRef = 75BDB2F728009E4700C00EE7 /* ReadChapterService.swift */; };
		75BDB2FC2800A23600C00EE7 /* ReadChapterResponse.swift in Sources */ = {isa = PBXBuildFile; fileRef = 75BDB2FB2800A23600C00EE7 /* ReadChapterResponse.swift */; };
		75BDB2FE2800A61500C00EE7 /* ReadChapterViewModel.swift in Sources */ = {isa = PBXBuildFile; fileRef = 75BDB2FD2800A61500C00EE7 /* ReadChapterViewModel.swift */; };
		75D884102822805E005A86D6 /* ContentViewModelTests.swift in Sources */ = {isa = PBXBuildFile; fileRef = 75D8840F2822805E005A86D6 /* ContentViewModelTests.swift */; };
		75D8841228229B43005A86D6 /* ChapterModel.swift in Sources */ = {isa = PBXBuildFile; fileRef = 75D8841128229B43005A86D6 /* ChapterModel.swift */; };
		75D884142822A2E5005A86D6 /* ListChapterServiceTests.swift in Sources */ = {isa = PBXBuildFile; fileRef = 75D884132822A2E4005A86D6 /* ListChapterServiceTests.swift */; };
		75D884182822B9E8005A86D6 /* ListChapterViewModelTests.swift in Sources */ = {isa = PBXBuildFile; fileRef = 75D884172822B9E8005A86D6 /* ListChapterViewModelTests.swift */; };
		75D8841A282524B2005A86D6 /* ReadChapterServiceTests.swift in Sources */ = {isa = PBXBuildFile; fileRef = 75D88419282524B1005A86D6 /* ReadChapterServiceTests.swift */; };
		75D8841C28253523005A86D6 /* ReadingView.swift in Sources */ = {isa = PBXBuildFile; fileRef = 75D8841B28253522005A86D6 /* ReadingView.swift */; };
		75D8841E28259151005A86D6 /* Dummy.swift in Sources */ = {isa = PBXBuildFile; fileRef = 75D8841D28259150005A86D6 /* Dummy.swift */; };
		75E607CA282B7D2A00FE2B05 /* BaseView.swift in Sources */ = {isa = PBXBuildFile; fileRef = 75E607C9282B7D2A00FE2B05 /* BaseView.swift */; };
		75E6D97728074920006CC550 /* TabBarView.swift in Sources */ = {isa = PBXBuildFile; fileRef = 75E6D97628074920006CC550 /* TabBarView.swift */; };
		75E8AA8D281C0716001E2D8E /* MockData.swift in Sources */ = {isa = PBXBuildFile; fileRef = 75E8AA8C281C0716001E2D8E /* MockData.swift */; };
		75E8AA92281C093C001E2D8E /* mockManga.json in Resources */ = {isa = PBXBuildFile; fileRef = 75E8AA91281C084E001E2D8E /* mockManga.json */; };
		75E8AA96281C67D8001E2D8E /* MangaDexResponse.swift in Sources */ = {isa = PBXBuildFile; fileRef = 75E8AA95281C67D8001E2D8E /* MangaDexResponse.swift */; };
		75E8AA9A281D0DFA001E2D8E /* mockListManga.json in Resources */ = {isa = PBXBuildFile; fileRef = 75E8AA99281C6A7C001E2D8E /* mockListManga.json */; };
		75E8AA9C281D178F001E2D8E /* MangaDexResponseTests.swift in Sources */ = {isa = PBXBuildFile; fileRef = 75E8AA9B281D178F001E2D8E /* MangaDexResponseTests.swift */; };
		75E8AA9F281D2866001E2D8E /* mockChapter.json in Resources */ = {isa = PBXBuildFile; fileRef = 75E8AA9E281D2866001E2D8E /* mockChapter.json */; };
		75E8AAA1281D2F9C001E2D8E /* mockListChapter.json in Resources */ = {isa = PBXBuildFile; fileRef = 75E8AAA0281D2F9C001E2D8E /* mockListChapter.json */; };
		75E8AAA3281D392B001E2D8E /* mockEmptyListManga.json in Resources */ = {isa = PBXBuildFile; fileRef = 75E8AAA2281D392B001E2D8E /* mockEmptyListManga.json */; };
		75E8AAA6281D3A1D001E2D8E /* MangaDexRelationshipType.swift in Sources */ = {isa = PBXBuildFile; fileRef = 75E8AAA5281D3A1D001E2D8E /* MangaDexRelationshipType.swift */; };
		75E8AAA8281D614A001E2D8E /* mockMangaEmptyDesc.json in Resources */ = {isa = PBXBuildFile; fileRef = 75E8AAA7281D614A001E2D8E /* mockMangaEmptyDesc.json */; };
		75E8AAAC281EB2F6001E2D8E /* mockErrorNoUser.json in Resources */ = {isa = PBXBuildFile; fileRef = 75E8AAAB281EB2F6001E2D8E /* mockErrorNoUser.json */; };
		75E8AAAE281EE4AC001E2D8E /* MockApiService.swift in Sources */ = {isa = PBXBuildFile; fileRef = 75E8AAAD281EE4AC001E2D8E /* MockApiService.swift */; };
		75E8AAB0281EF819001E2D8E /* MangaModel.swift in Sources */ = {isa = PBXBuildFile; fileRef = 75E8AAAF281EF819001E2D8E /* MangaModel.swift */; };
		75E8AAB2281F03F5001E2D8E /* MangaServiceTests.swift in Sources */ = {isa = PBXBuildFile; fileRef = 75E8AAB1281F03F5001E2D8E /* MangaServiceTests.swift */; };
		75E8AAB4281F270B001E2D8E /* ListMangaServiceTests.swift in Sources */ = {isa = PBXBuildFile; fileRef = 75E8AAB3281F270B001E2D8E /* ListMangaServiceTests.swift */; };
		75E8AAB8281F2A42001E2D8E /* mockChapterImageUrls.json in Resources */ = {isa = PBXBuildFile; fileRef = 75E8AAB7281F2A42001E2D8E /* mockChapterImageUrls.json */; };
		75ED7CB42818182300287BFF /* ChapterCard.swift in Sources */ = {isa = PBXBuildFile; fileRef = 75ED7CB32818182200287BFF /* ChapterCard.swift */; };
		75ED7CBC2819CB3400287BFF /* BaseViewModel.swift in Sources */ = {isa = PBXBuildFile; fileRef = 75ED7CBB2819CB3400287BFF /* BaseViewModel.swift */; };
/* End PBXBuildFile section */

/* Begin PBXContainerItemProxy section */
		75BDB2BE27FDD1ED00C00EE7 /* PBXContainerItemProxy */ = {
			isa = PBXContainerItemProxy;
			containerPortal = 75BDB2A527FDD1EA00C00EE7 /* Project object */;
			proxyType = 1;
			remoteGlobalIDString = 75BDB2AC27FDD1EB00C00EE7;
			remoteInfo = MangaDokusha;
		};
		75BDB2C827FDD1ED00C00EE7 /* PBXContainerItemProxy */ = {
			isa = PBXContainerItemProxy;
			containerPortal = 75BDB2A527FDD1EA00C00EE7 /* Project object */;
			proxyType = 1;
			remoteGlobalIDString = 75BDB2AC27FDD1EB00C00EE7;
			remoteInfo = MangaDokusha;
		};
/* End PBXContainerItemProxy section */

/* Begin PBXFileReference section */
		75600872280EDD2F00B7A120 /* MangaListViewModel.swift */ = {isa = PBXFileReference; lastKnownFileType = sourcecode.swift; path = MangaListViewModel.swift; sourceTree = "<group>"; };
		75A44F8C28044B2F00F07058 /* MangaDokushaError.swift */ = {isa = PBXFileReference; lastKnownFileType = sourcecode.swift; path = MangaDokushaError.swift; sourceTree = "<group>"; };
		75A44F8E28049C2E00F07058 /* ListMangaService.swift */ = {isa = PBXFileReference; lastKnownFileType = sourcecode.swift; path = ListMangaService.swift; sourceTree = "<group>"; };
		75A44F90280594C800F07058 /* Extension+View.swift */ = {isa = PBXFileReference; lastKnownFileType = sourcecode.swift; path = "Extension+View.swift"; sourceTree = "<group>"; };
		75A44F942805F37100F07058 /* MangaListView.swift */ = {isa = PBXFileReference; lastKnownFileType = sourcecode.swift; path = MangaListView.swift; sourceTree = "<group>"; };
		75B4CEA3282C2FA4003D7EA5 /* ErrorHandle.swift */ = {isa = PBXFileReference; lastKnownFileType = sourcecode.swift; path = ErrorHandle.swift; sourceTree = "<group>"; };
		75B4CEA5282CC28B003D7EA5 /* CustomAsyncImage.swift */ = {isa = PBXFileReference; lastKnownFileType = sourcecode.swift; path = CustomAsyncImage.swift; sourceTree = "<group>"; };
		75B4CEA7282CC93A003D7EA5 /* TagsView.swift */ = {isa = PBXFileReference; lastKnownFileType = sourcecode.swift; path = TagsView.swift; sourceTree = "<group>"; };
		75B4CEAA282CD3EE003D7EA5 /* Model.xcdatamodel */ = {isa = PBXFileReference; lastKnownFileType = wrapper.xcdatamodel; path = Model.xcdatamodel; sourceTree = "<group>"; };
		75B4CEAC282D3D73003D7EA5 /* DownloadsView.swift */ = {isa = PBXFileReference; lastKnownFileType = sourcecode.swift; path = DownloadsView.swift; sourceTree = "<group>"; };
		75B4CEB3282E22F6003D7EA5 /* CoreDataManager.swift */ = {isa = PBXFileReference; lastKnownFileType = sourcecode.swift; path = CoreDataManager.swift; sourceTree = "<group>"; };
		75B4CEB5282E2428003D7EA5 /* ChapterViewModel.swift */ = {isa = PBXFileReference; lastKnownFileType = sourcecode.swift; path = ChapterViewModel.swift; sourceTree = "<group>"; };
		75B4CEB7282E2C0B003D7EA5 /* DownloadsViewModel.swift */ = {isa = PBXFileReference; lastKnownFileType = sourcecode.swift; path = DownloadsViewModel.swift; sourceTree = "<group>"; };
		75B4CEB9282E4C11003D7EA5 /* MangaListCard.swift */ = {isa = PBXFileReference; lastKnownFileType = sourcecode.swift; path = MangaListCard.swift; sourceTree = "<group>"; };
		75B4CEBB282E4C80003D7EA5 /* MangaCardViewModel.swift */ = {isa = PBXFileReference; lastKnownFileType = sourcecode.swift; path = MangaCardViewModel.swift; sourceTree = "<group>"; };
		75BDB2AD27FDD1EB00C00EE7 /* MangaDokusha.app */ = {isa = PBXFileReference; explicitFileType = wrapper.application; includeInIndex = 0; path = MangaDokusha.app; sourceTree = BUILT_PRODUCTS_DIR; };
		75BDB2B027FDD1EB00C00EE7 /* MangaDokushaApp.swift */ = {isa = PBXFileReference; lastKnownFileType = sourcecode.swift; path = MangaDokushaApp.swift; sourceTree = "<group>"; };
		75BDB2B227FDD1EB00C00EE7 /* ContentView.swift */ = {isa = PBXFileReference; lastKnownFileType = sourcecode.swift; path = ContentView.swift; sourceTree = "<group>"; };
		75BDB2B427FDD1EC00C00EE7 /* Assets.xcassets */ = {isa = PBXFileReference; lastKnownFileType = folder.assetcatalog; path = Assets.xcassets; sourceTree = "<group>"; };
		75BDB2B727FDD1ED00C00EE7 /* Preview Assets.xcassets */ = {isa = PBXFileReference; lastKnownFileType = folder.assetcatalog; path = "Preview Assets.xcassets"; sourceTree = "<group>"; };
		75BDB2BD27FDD1ED00C00EE7 /* MangaDokushaTests.xctest */ = {isa = PBXFileReference; explicitFileType = wrapper.cfbundle; includeInIndex = 0; path = MangaDokushaTests.xctest; sourceTree = BUILT_PRODUCTS_DIR; };
		75BDB2C127FDD1ED00C00EE7 /* MangaDokushaTests.swift */ = {isa = PBXFileReference; lastKnownFileType = sourcecode.swift; path = MangaDokushaTests.swift; sourceTree = "<group>"; };
		75BDB2C727FDD1ED00C00EE7 /* MangaDokushaUITests.xctest */ = {isa = PBXFileReference; explicitFileType = wrapper.cfbundle; includeInIndex = 0; path = MangaDokushaUITests.xctest; sourceTree = BUILT_PRODUCTS_DIR; };
		75BDB2CB27FDD1ED00C00EE7 /* MangaDokushaUITests.swift */ = {isa = PBXFileReference; lastKnownFileType = sourcecode.swift; path = MangaDokushaUITests.swift; sourceTree = "<group>"; };
		75BDB2CD27FDD1ED00C00EE7 /* MangaDokushaUITestsLaunchTests.swift */ = {isa = PBXFileReference; lastKnownFileType = sourcecode.swift; path = MangaDokushaUITestsLaunchTests.swift; sourceTree = "<group>"; };
		75BDB2DA27FDD34300C00EE7 /* ApiService.swift */ = {isa = PBXFileReference; lastKnownFileType = sourcecode.swift; path = ApiService.swift; sourceTree = "<group>"; };
		75BDB2DD27FE029100C00EE7 /* MangaDetailService.swift */ = {isa = PBXFileReference; lastKnownFileType = sourcecode.swift; path = MangaDetailService.swift; sourceTree = "<group>"; };
		75BDB2E627FE09B300C00EE7 /* ContentViewModel.swift */ = {isa = PBXFileReference; lastKnownFileType = sourcecode.swift; path = ContentViewModel.swift; sourceTree = "<group>"; };
		75BDB2EC2800367F00C00EE7 /* ListChapterService.swift */ = {isa = PBXFileReference; lastKnownFileType = sourcecode.swift; path = ListChapterService.swift; sourceTree = "<group>"; };
		75BDB2F028008A5E00C00EE7 /* ListChapterView.swift */ = {isa = PBXFileReference; lastKnownFileType = sourcecode.swift; path = ListChapterView.swift; sourceTree = "<group>"; };
		75BDB2F228008BEF00C00EE7 /* ListChapterViewModel.swift */ = {isa = PBXFileReference; lastKnownFileType = sourcecode.swift; path = ListChapterViewModel.swift; sourceTree = "<group>"; };
		75BDB2F5280093A700C00EE7 /* HomeBaseView.swift */ = {isa = PBXFileReference; lastKnownFileType = sourcecode.swift; path = HomeBaseView.swift; sourceTree = "<group>"; };
		75BDB2F728009E4700C00EE7 /* ReadChapterService.swift */ = {isa = PBXFileReference; lastKnownFileType = sourcecode.swift; path = ReadChapterService.swift; sourceTree = "<group>"; };
		75BDB2FB2800A23600C00EE7 /* ReadChapterResponse.swift */ = {isa = PBXFileReference; lastKnownFileType = sourcecode.swift; path = ReadChapterResponse.swift; sourceTree = "<group>"; };
		75BDB2FD2800A61500C00EE7 /* ReadChapterViewModel.swift */ = {isa = PBXFileReference; lastKnownFileType = sourcecode.swift; path = ReadChapterViewModel.swift; sourceTree = "<group>"; };
		75D8840F2822805E005A86D6 /* ContentViewModelTests.swift */ = {isa = PBXFileReference; lastKnownFileType = sourcecode.swift; path = ContentViewModelTests.swift; sourceTree = "<group>"; };
		75D8841128229B43005A86D6 /* ChapterModel.swift */ = {isa = PBXFileReference; lastKnownFileType = sourcecode.swift; path = ChapterModel.swift; sourceTree = "<group>"; };
		75D884132822A2E4005A86D6 /* ListChapterServiceTests.swift */ = {isa = PBXFileReference; lastKnownFileType = sourcecode.swift; path = ListChapterServiceTests.swift; sourceTree = "<group>"; };
		75D884172822B9E8005A86D6 /* ListChapterViewModelTests.swift */ = {isa = PBXFileReference; lastKnownFileType = sourcecode.swift; path = ListChapterViewModelTests.swift; sourceTree = "<group>"; };
		75D88419282524B1005A86D6 /* ReadChapterServiceTests.swift */ = {isa = PBXFileReference; lastKnownFileType = sourcecode.swift; path = ReadChapterServiceTests.swift; sourceTree = "<group>"; };
		75D8841B28253522005A86D6 /* ReadingView.swift */ = {isa = PBXFileReference; lastKnownFileType = sourcecode.swift; path = ReadingView.swift; sourceTree = "<group>"; };
		75D8841D28259150005A86D6 /* Dummy.swift */ = {isa = PBXFileReference; lastKnownFileType = sourcecode.swift; path = Dummy.swift; sourceTree = "<group>"; };
		75E607C9282B7D2A00FE2B05 /* BaseView.swift */ = {isa = PBXFileReference; lastKnownFileType = sourcecode.swift; path = BaseView.swift; sourceTree = "<group>"; };
		75E6D97628074920006CC550 /* TabBarView.swift */ = {isa = PBXFileReference; lastKnownFileType = sourcecode.swift; path = TabBarView.swift; sourceTree = "<group>"; };
		75E8AA8C281C0716001E2D8E /* MockData.swift */ = {isa = PBXFileReference; lastKnownFileType = sourcecode.swift; path = MockData.swift; sourceTree = "<group>"; };
		75E8AA91281C084E001E2D8E /* mockManga.json */ = {isa = PBXFileReference; lastKnownFileType = text.json; path = mockManga.json; sourceTree = "<group>"; };
		75E8AA95281C67D8001E2D8E /* MangaDexResponse.swift */ = {isa = PBXFileReference; lastKnownFileType = sourcecode.swift; path = MangaDexResponse.swift; sourceTree = "<group>"; };
		75E8AA99281C6A7C001E2D8E /* mockListManga.json */ = {isa = PBXFileReference; lastKnownFileType = text.json; path = mockListManga.json; sourceTree = "<group>"; };
		75E8AA9B281D178F001E2D8E /* MangaDexResponseTests.swift */ = {isa = PBXFileReference; lastKnownFileType = sourcecode.swift; path = MangaDexResponseTests.swift; sourceTree = "<group>"; };
		75E8AA9E281D2866001E2D8E /* mockChapter.json */ = {isa = PBXFileReference; lastKnownFileType = text.json; path = mockChapter.json; sourceTree = "<group>"; };
		75E8AAA0281D2F9C001E2D8E /* mockListChapter.json */ = {isa = PBXFileReference; lastKnownFileType = text.json; path = mockListChapter.json; sourceTree = "<group>"; };
		75E8AAA2281D392B001E2D8E /* mockEmptyListManga.json */ = {isa = PBXFileReference; lastKnownFileType = text.json; path = mockEmptyListManga.json; sourceTree = "<group>"; };
		75E8AAA5281D3A1D001E2D8E /* MangaDexRelationshipType.swift */ = {isa = PBXFileReference; lastKnownFileType = sourcecode.swift; path = MangaDexRelationshipType.swift; sourceTree = "<group>"; };
		75E8AAA7281D614A001E2D8E /* mockMangaEmptyDesc.json */ = {isa = PBXFileReference; lastKnownFileType = text.json; path = mockMangaEmptyDesc.json; sourceTree = "<group>"; };
		75E8AAAB281EB2F6001E2D8E /* mockErrorNoUser.json */ = {isa = PBXFileReference; lastKnownFileType = text.json; path = mockErrorNoUser.json; sourceTree = "<group>"; };
		75E8AAAD281EE4AC001E2D8E /* MockApiService.swift */ = {isa = PBXFileReference; lastKnownFileType = sourcecode.swift; path = MockApiService.swift; sourceTree = "<group>"; };
		75E8AAAF281EF819001E2D8E /* MangaModel.swift */ = {isa = PBXFileReference; lastKnownFileType = sourcecode.swift; path = MangaModel.swift; sourceTree = "<group>"; };
		75E8AAB1281F03F5001E2D8E /* MangaServiceTests.swift */ = {isa = PBXFileReference; lastKnownFileType = sourcecode.swift; path = MangaServiceTests.swift; sourceTree = "<group>"; };
		75E8AAB3281F270B001E2D8E /* ListMangaServiceTests.swift */ = {isa = PBXFileReference; lastKnownFileType = sourcecode.swift; path = ListMangaServiceTests.swift; sourceTree = "<group>"; };
		75E8AAB7281F2A42001E2D8E /* mockChapterImageUrls.json */ = {isa = PBXFileReference; lastKnownFileType = text.json; path = mockChapterImageUrls.json; sourceTree = "<group>"; };
		75ED7CB32818182200287BFF /* ChapterCard.swift */ = {isa = PBXFileReference; lastKnownFileType = sourcecode.swift; path = ChapterCard.swift; sourceTree = "<group>"; };
		75ED7CBB2819CB3400287BFF /* BaseViewModel.swift */ = {isa = PBXFileReference; lastKnownFileType = sourcecode.swift; path = BaseViewModel.swift; sourceTree = "<group>"; };
/* End PBXFileReference section */

/* Begin PBXFrameworksBuildPhase section */
		75BDB2AA27FDD1EB00C00EE7 /* Frameworks */ = {
			isa = PBXFrameworksBuildPhase;
			buildActionMask = 2147483647;
			files = (
			);
			runOnlyForDeploymentPostprocessing = 0;
		};
		75BDB2BA27FDD1ED00C00EE7 /* Frameworks */ = {
			isa = PBXFrameworksBuildPhase;
			buildActionMask = 2147483647;
			files = (
			);
			runOnlyForDeploymentPostprocessing = 0;
		};
		75BDB2C427FDD1ED00C00EE7 /* Frameworks */ = {
			isa = PBXFrameworksBuildPhase;
			buildActionMask = 2147483647;
			files = (
			);
			runOnlyForDeploymentPostprocessing = 0;
		};
/* End PBXFrameworksBuildPhase section */

/* Begin PBXGroup section */
		75B4CEA2282C2F82003D7EA5 /* ViewModifiers */ = {
			isa = PBXGroup;
			children = (
				75B4CEA3282C2FA4003D7EA5 /* ErrorHandle.swift */,
			);
			path = ViewModifiers;
			sourceTree = "<group>";
		};
		75BDB2A427FDD1EA00C00EE7 = {
			isa = PBXGroup;
			children = (
				75BDB2AF27FDD1EB00C00EE7 /* MangaDokusha */,
				75BDB2C027FDD1ED00C00EE7 /* MangaDokushaTests */,
				75BDB2CA27FDD1ED00C00EE7 /* MangaDokushaUITests */,
				75BDB2AE27FDD1EB00C00EE7 /* Products */,
			);
			sourceTree = "<group>";
		};
		75BDB2AE27FDD1EB00C00EE7 /* Products */ = {
			isa = PBXGroup;
			children = (
				75BDB2AD27FDD1EB00C00EE7 /* MangaDokusha.app */,
				75BDB2BD27FDD1ED00C00EE7 /* MangaDokushaTests.xctest */,
				75BDB2C727FDD1ED00C00EE7 /* MangaDokushaUITests.xctest */,
			);
			name = Products;
			sourceTree = "<group>";
		};
		75BDB2AF27FDD1EB00C00EE7 /* MangaDokusha */ = {
			isa = PBXGroup;
			children = (
				75B4CEA2282C2F82003D7EA5 /* ViewModifiers */,
				75D8841F282A86FC005A86D6 /* Extensions */,
				75BDB2F42800939900C00EE7 /* Views */,
				75BDB2E527FE099500C00EE7 /* ViewModels */,
				75BDB2E227FE07CD00C00EE7 /* Models */,
				75BDB2B027FDD1EB00C00EE7 /* MangaDokushaApp.swift */,
				75BDB2B427FDD1EC00C00EE7 /* Assets.xcassets */,
				75BDB2B627FDD1ED00C00EE7 /* Preview Content */,
				75BDB2DC27FE025D00C00EE7 /* Service */,
				75D8841D28259150005A86D6 /* Dummy.swift */,
				75B4CEA9282CD3EE003D7EA5 /* Model.xcdatamodeld */,
			);
			path = MangaDokusha;
			sourceTree = "<group>";
		};
		75BDB2B627FDD1ED00C00EE7 /* Preview Content */ = {
			isa = PBXGroup;
			children = (
				75BDB2B727FDD1ED00C00EE7 /* Preview Assets.xcassets */,
			);
			path = "Preview Content";
			sourceTree = "<group>";
		};
		75BDB2C027FDD1ED00C00EE7 /* MangaDokushaTests */ = {
			isa = PBXGroup;
			children = (
				75D884162822B9A3005A86D6 /* ViewModelTests */,
				75D884152822B989005A86D6 /* ServiceTests */,
				75E8AA9D281D2844001E2D8E /* MockData */,
				75BDB2C127FDD1ED00C00EE7 /* MangaDokushaTests.swift */,
				75E8AA9B281D178F001E2D8E /* MangaDexResponseTests.swift */,
			);
			path = MangaDokushaTests;
			sourceTree = "<group>";
		};
		75BDB2CA27FDD1ED00C00EE7 /* MangaDokushaUITests */ = {
			isa = PBXGroup;
			children = (
				75BDB2CB27FDD1ED00C00EE7 /* MangaDokushaUITests.swift */,
				75BDB2CD27FDD1ED00C00EE7 /* MangaDokushaUITestsLaunchTests.swift */,
			);
			path = MangaDokushaUITests;
			sourceTree = "<group>";
		};
		75BDB2DC27FE025D00C00EE7 /* Service */ = {
			isa = PBXGroup;
			children = (
				75BDB2DA27FDD34300C00EE7 /* ApiService.swift */,
				75BDB2DD27FE029100C00EE7 /* MangaDetailService.swift */,
				75BDB2EC2800367F00C00EE7 /* ListChapterService.swift */,
				75BDB2F728009E4700C00EE7 /* ReadChapterService.swift */,
				75A44F8E28049C2E00F07058 /* ListMangaService.swift */,
				75B4CEB3282E22F6003D7EA5 /* CoreDataManager.swift */,
			);
			path = Service;
			sourceTree = "<group>";
		};
		75BDB2E227FE07CD00C00EE7 /* Models */ = {
			isa = PBXGroup;
			children = (
				75E8AAA4281D39F8001E2D8E /* MangaDexResponse */,
				75A44F8C28044B2F00F07058 /* MangaDokushaError.swift */,
				75BDB2FB2800A23600C00EE7 /* ReadChapterResponse.swift */,
				75E8AAAF281EF819001E2D8E /* MangaModel.swift */,
				75D8841128229B43005A86D6 /* ChapterModel.swift */,
			);
			path = Models;
			sourceTree = "<group>";
		};
		75BDB2E527FE099500C00EE7 /* ViewModels */ = {
			isa = PBXGroup;
			children = (
				75BDB2E627FE09B300C00EE7 /* ContentViewModel.swift */,
				75BDB2F228008BEF00C00EE7 /* ListChapterViewModel.swift */,
				75BDB2FD2800A61500C00EE7 /* ReadChapterViewModel.swift */,
				75600872280EDD2F00B7A120 /* MangaListViewModel.swift */,
				75ED7CBB2819CB3400287BFF /* BaseViewModel.swift */,
				75B4CEB5282E2428003D7EA5 /* ChapterViewModel.swift */,
				75B4CEB7282E2C0B003D7EA5 /* DownloadsViewModel.swift */,
				75B4CEBB282E4C80003D7EA5 /* MangaCardViewModel.swift */,
			);
			path = ViewModels;
			sourceTree = "<group>";
		};
		75BDB2F42800939900C00EE7 /* Views */ = {
			isa = PBXGroup;
			children = (
				75E607C8282B7D0E00FE2B05 /* BaseView */,
				75BDB2F5280093A700C00EE7 /* HomeBaseView.swift */,
				75BDB2F028008A5E00C00EE7 /* ListChapterView.swift */,
				75BDB2B227FDD1EB00C00EE7 /* ContentView.swift */,
				75A44F942805F37100F07058 /* MangaListView.swift */,
				75E6D97628074920006CC550 /* TabBarView.swift */,
				75ED7CB32818182200287BFF /* ChapterCard.swift */,
				75D8841B28253522005A86D6 /* ReadingView.swift */,
				75B4CEAC282D3D73003D7EA5 /* DownloadsView.swift */,
				75B4CEB9282E4C11003D7EA5 /* MangaListCard.swift */,
			);
			path = Views;
			sourceTree = "<group>";
		};
		75D884152822B989005A86D6 /* ServiceTests */ = {
			isa = PBXGroup;
			children = (
				75E8AAB1281F03F5001E2D8E /* MangaServiceTests.swift */,
				75E8AAB3281F270B001E2D8E /* ListMangaServiceTests.swift */,
				75D884132822A2E4005A86D6 /* ListChapterServiceTests.swift */,
				75D88419282524B1005A86D6 /* ReadChapterServiceTests.swift */,
			);
			path = ServiceTests;
			sourceTree = "<group>";
		};
		75D884162822B9A3005A86D6 /* ViewModelTests */ = {
			isa = PBXGroup;
			children = (
				75D8840F2822805E005A86D6 /* ContentViewModelTests.swift */,
				75D884172822B9E8005A86D6 /* ListChapterViewModelTests.swift */,
			);
			path = ViewModelTests;
			sourceTree = "<group>";
		};
		75D8841F282A86FC005A86D6 /* Extensions */ = {
			isa = PBXGroup;
			children = (
				75A44F90280594C800F07058 /* Extension+View.swift */,
				75B4CEA5282CC28B003D7EA5 /* CustomAsyncImage.swift */,
			);
			path = Extensions;
			sourceTree = "<group>";
		};
		75E607C8282B7D0E00FE2B05 /* BaseView */ = {
			isa = PBXGroup;
			children = (
				75E607C9282B7D2A00FE2B05 /* BaseView.swift */,
				75B4CEA7282CC93A003D7EA5 /* TagsView.swift */,
			);
			path = BaseView;
			sourceTree = "<group>";
		};
		75E8AA9D281D2844001E2D8E /* MockData */ = {
			isa = PBXGroup;
			children = (
				75E8AA8C281C0716001E2D8E /* MockData.swift */,
				75E8AA9E281D2866001E2D8E /* mockChapter.json */,
				75E8AA91281C084E001E2D8E /* mockManga.json */,
				75E8AA99281C6A7C001E2D8E /* mockListManga.json */,
				75E8AAA0281D2F9C001E2D8E /* mockListChapter.json */,
				75E8AAA2281D392B001E2D8E /* mockEmptyListManga.json */,
				75E8AAA7281D614A001E2D8E /* mockMangaEmptyDesc.json */,
				75E8AAAB281EB2F6001E2D8E /* mockErrorNoUser.json */,
				75E8AAAD281EE4AC001E2D8E /* MockApiService.swift */,
				75E8AAB7281F2A42001E2D8E /* mockChapterImageUrls.json */,
			);
			path = MockData;
			sourceTree = "<group>";
		};
		75E8AAA4281D39F8001E2D8E /* MangaDexResponse */ = {
			isa = PBXGroup;
			children = (
				75E8AA95281C67D8001E2D8E /* MangaDexResponse.swift */,
				75E8AAA5281D3A1D001E2D8E /* MangaDexRelationshipType.swift */,
			);
			path = MangaDexResponse;
			sourceTree = "<group>";
		};
/* End PBXGroup section */

/* Begin PBXNativeTarget section */
		75BDB2AC27FDD1EB00C00EE7 /* MangaDokusha */ = {
			isa = PBXNativeTarget;
			buildConfigurationList = 75BDB2D127FDD1ED00C00EE7 /* Build configuration list for PBXNativeTarget "MangaDokusha" */;
			buildPhases = (
				75BDB2A927FDD1EB00C00EE7 /* Sources */,
				75BDB2AA27FDD1EB00C00EE7 /* Frameworks */,
				75BDB2AB27FDD1EB00C00EE7 /* Resources */,
			);
			buildRules = (
			);
			dependencies = (
			);
			name = MangaDokusha;
			packageProductDependencies = (
			);
			productName = MangaDokusha;
			productReference = 75BDB2AD27FDD1EB00C00EE7 /* MangaDokusha.app */;
			productType = "com.apple.product-type.application";
		};
		75BDB2BC27FDD1ED00C00EE7 /* MangaDokushaTests */ = {
			isa = PBXNativeTarget;
			buildConfigurationList = 75BDB2D427FDD1ED00C00EE7 /* Build configuration list for PBXNativeTarget "MangaDokushaTests" */;
			buildPhases = (
				75BDB2B927FDD1ED00C00EE7 /* Sources */,
				75BDB2BA27FDD1ED00C00EE7 /* Frameworks */,
				75BDB2BB27FDD1ED00C00EE7 /* Resources */,
			);
			buildRules = (
			);
			dependencies = (
				75BDB2BF27FDD1ED00C00EE7 /* PBXTargetDependency */,
			);
			name = MangaDokushaTests;
			productName = MangaDokushaTests;
			productReference = 75BDB2BD27FDD1ED00C00EE7 /* MangaDokushaTests.xctest */;
			productType = "com.apple.product-type.bundle.unit-test";
		};
		75BDB2C627FDD1ED00C00EE7 /* MangaDokushaUITests */ = {
			isa = PBXNativeTarget;
			buildConfigurationList = 75BDB2D727FDD1ED00C00EE7 /* Build configuration list for PBXNativeTarget "MangaDokushaUITests" */;
			buildPhases = (
				75BDB2C327FDD1ED00C00EE7 /* Sources */,
				75BDB2C427FDD1ED00C00EE7 /* Frameworks */,
				75BDB2C527FDD1ED00C00EE7 /* Resources */,
			);
			buildRules = (
			);
			dependencies = (
				75BDB2C927FDD1ED00C00EE7 /* PBXTargetDependency */,
			);
			name = MangaDokushaUITests;
			productName = MangaDokushaUITests;
			productReference = 75BDB2C727FDD1ED00C00EE7 /* MangaDokushaUITests.xctest */;
			productType = "com.apple.product-type.bundle.ui-testing";
		};
/* End PBXNativeTarget section */

/* Begin PBXProject section */
		75BDB2A527FDD1EA00C00EE7 /* Project object */ = {
			isa = PBXProject;
			attributes = {
				BuildIndependentTargetsInParallel = 1;
				LastSwiftUpdateCheck = 1330;
				LastUpgradeCheck = 1330;
				TargetAttributes = {
					75BDB2AC27FDD1EB00C00EE7 = {
						CreatedOnToolsVersion = 13.3;
					};
					75BDB2BC27FDD1ED00C00EE7 = {
						CreatedOnToolsVersion = 13.3;
						TestTargetID = 75BDB2AC27FDD1EB00C00EE7;
					};
					75BDB2C627FDD1ED00C00EE7 = {
						CreatedOnToolsVersion = 13.3;
						TestTargetID = 75BDB2AC27FDD1EB00C00EE7;
					};
				};
			};
			buildConfigurationList = 75BDB2A827FDD1EA00C00EE7 /* Build configuration list for PBXProject "MangaDokusha" */;
			compatibilityVersion = "Xcode 13.0";
			developmentRegion = en;
			hasScannedForEncodings = 0;
			knownRegions = (
				en,
				Base,
			);
			mainGroup = 75BDB2A427FDD1EA00C00EE7;
			packageReferences = (
			);
			productRefGroup = 75BDB2AE27FDD1EB00C00EE7 /* Products */;
			projectDirPath = "";
			projectRoot = "";
			targets = (
				75BDB2AC27FDD1EB00C00EE7 /* MangaDokusha */,
				75BDB2BC27FDD1ED00C00EE7 /* MangaDokushaTests */,
				75BDB2C627FDD1ED00C00EE7 /* MangaDokushaUITests */,
			);
		};
/* End PBXProject section */

/* Begin PBXResourcesBuildPhase section */
		75BDB2AB27FDD1EB00C00EE7 /* Resources */ = {
			isa = PBXResourcesBuildPhase;
			buildActionMask = 2147483647;
			files = (
				75BDB2B827FDD1ED00C00EE7 /* Preview Assets.xcassets in Resources */,
				75BDB2B527FDD1EC00C00EE7 /* Assets.xcassets in Resources */,
			);
			runOnlyForDeploymentPostprocessing = 0;
		};
		75BDB2BB27FDD1ED00C00EE7 /* Resources */ = {
			isa = PBXResourcesBuildPhase;
			buildActionMask = 2147483647;
			files = (
				75E8AAA1281D2F9C001E2D8E /* mockListChapter.json in Resources */,
				75E8AA9F281D2866001E2D8E /* mockChapter.json in Resources */,
				75E8AAA8281D614A001E2D8E /* mockMangaEmptyDesc.json in Resources */,
				75E8AA92281C093C001E2D8E /* mockManga.json in Resources */,
				75E8AAA3281D392B001E2D8E /* mockEmptyListManga.json in Resources */,
				75E8AA9A281D0DFA001E2D8E /* mockListManga.json in Resources */,
				75E8AAAC281EB2F6001E2D8E /* mockErrorNoUser.json in Resources */,
				75E8AAB8281F2A42001E2D8E /* mockChapterImageUrls.json in Resources */,
			);
			runOnlyForDeploymentPostprocessing = 0;
		};
		75BDB2C527FDD1ED00C00EE7 /* Resources */ = {
			isa = PBXResourcesBuildPhase;
			buildActionMask = 2147483647;
			files = (
			);
			runOnlyForDeploymentPostprocessing = 0;
		};
/* End PBXResourcesBuildPhase section */

/* Begin PBXSourcesBuildPhase section */
		75BDB2A927FDD1EB00C00EE7 /* Sources */ = {
			isa = PBXSourcesBuildPhase;
			buildActionMask = 2147483647;
			files = (
				75B4CEB6282E2428003D7EA5 /* ChapterViewModel.swift in Sources */,
				75BDB2F6280093A700C00EE7 /* HomeBaseView.swift in Sources */,
				75D8841228229B43005A86D6 /* ChapterModel.swift in Sources */,
				75B4CEA8282CC93A003D7EA5 /* TagsView.swift in Sources */,
				75A44F91280594C900F07058 /* Extension+View.swift in Sources */,
				75BDB2B327FDD1EB00C00EE7 /* ContentView.swift in Sources */,
				75BDB2DE27FE029100C00EE7 /* MangaDetailService.swift in Sources */,
				75ED7CBC2819CB3400287BFF /* BaseViewModel.swift in Sources */,
				75BDB2FC2800A23600C00EE7 /* ReadChapterResponse.swift in Sources */,
				75B4CEB8282E2C0B003D7EA5 /* DownloadsViewModel.swift in Sources */,
				75B4CEA4282C2FA4003D7EA5 /* ErrorHandle.swift in Sources */,
				75D8841C28253523005A86D6 /* ReadingView.swift in Sources */,
				75ED7CB42818182300287BFF /* ChapterCard.swift in Sources */,
				75B4CEAD282D3D73003D7EA5 /* DownloadsView.swift in Sources */,
				75E8AAA6281D3A1D001E2D8E /* MangaDexRelationshipType.swift in Sources */,
				75BDB2F128008A5E00C00EE7 /* ListChapterView.swift in Sources */,
				75E607CA282B7D2A00FE2B05 /* BaseView.swift in Sources */,
				75E6D97728074920006CC550 /* TabBarView.swift in Sources */,
				75A44F952805F37100F07058 /* MangaListView.swift in Sources */,
				75BDB2B127FDD1EB00C00EE7 /* MangaDokushaApp.swift in Sources */,
				75B4CEBA282E4C11003D7EA5 /* MangaListCard.swift in Sources */,
				75BDB2F328008BEF00C00EE7 /* ListChapterViewModel.swift in Sources */,
				75D8841E28259151005A86D6 /* Dummy.swift in Sources */,
				75A44F8F28049C2E00F07058 /* ListMangaService.swift in Sources */,
				75B4CEB4282E22F6003D7EA5 /* CoreDataManager.swift in Sources */,
				75B4CEBC282E4C80003D7EA5 /* MangaCardViewModel.swift in Sources */,
				75BDB2FE2800A61500C00EE7 /* ReadChapterViewModel.swift in Sources */,
				75B4CEA6282CC28B003D7EA5 /* CustomAsyncImage.swift in Sources */,
				75BDB2E727FE09B300C00EE7 /* ContentViewModel.swift in Sources */,
				75BDB2DB27FDD34300C00EE7 /* ApiService.swift in Sources */,
				75600873280EDD2F00B7A120 /* MangaListViewModel.swift in Sources */,
				75E8AA96281C67D8001E2D8E /* MangaDexResponse.swift in Sources */,
				75B4CEAB282CD3EE003D7EA5 /* Model.xcdatamodeld in Sources */,
				75E8AAB0281EF819001E2D8E /* MangaModel.swift in Sources */,
				75A44F8D28044B2F00F07058 /* MangaDokushaError.swift in Sources */,
				75BDB2ED2800367F00C00EE7 /* ListChapterService.swift in Sources */,
				75BDB2F828009E4700C00EE7 /* ReadChapterService.swift in Sources */,
			);
			runOnlyForDeploymentPostprocessing = 0;
		};
		75BDB2B927FDD1ED00C00EE7 /* Sources */ = {
			isa = PBXSourcesBuildPhase;
			buildActionMask = 2147483647;
			files = (
				75E8AAAE281EE4AC001E2D8E /* MockApiService.swift in Sources */,
				75D8841A282524B2005A86D6 /* ReadChapterServiceTests.swift in Sources */,
				75D884182822B9E8005A86D6 /* ListChapterViewModelTests.swift in Sources */,
				75BDB2C227FDD1ED00C00EE7 /* MangaDokushaTests.swift in Sources */,
				75E8AAB2281F03F5001E2D8E /* MangaServiceTests.swift in Sources */,
				75E8AA9C281D178F001E2D8E /* MangaDexResponseTests.swift in Sources */,
				75E8AAB4281F270B001E2D8E /* ListMangaServiceTests.swift in Sources */,
				75E8AA8D281C0716001E2D8E /* MockData.swift in Sources */,
				75D884102822805E005A86D6 /* ContentViewModelTests.swift in Sources */,
				75D884142822A2E5005A86D6 /* ListChapterServiceTests.swift in Sources */,
			);
			runOnlyForDeploymentPostprocessing = 0;
		};
		75BDB2C327FDD1ED00C00EE7 /* Sources */ = {
			isa = PBXSourcesBuildPhase;
			buildActionMask = 2147483647;
			files = (
				75BDB2CC27FDD1ED00C00EE7 /* MangaDokushaUITests.swift in Sources */,
				75BDB2CE27FDD1ED00C00EE7 /* MangaDokushaUITestsLaunchTests.swift in Sources */,
			);
			runOnlyForDeploymentPostprocessing = 0;
		};
/* End PBXSourcesBuildPhase section */

/* Begin PBXTargetDependency section */
		75BDB2BF27FDD1ED00C00EE7 /* PBXTargetDependency */ = {
			isa = PBXTargetDependency;
			target = 75BDB2AC27FDD1EB00C00EE7 /* MangaDokusha */;
			targetProxy = 75BDB2BE27FDD1ED00C00EE7 /* PBXContainerItemProxy */;
		};
		75BDB2C927FDD1ED00C00EE7 /* PBXTargetDependency */ = {
			isa = PBXTargetDependency;
			target = 75BDB2AC27FDD1EB00C00EE7 /* MangaDokusha */;
			targetProxy = 75BDB2C827FDD1ED00C00EE7 /* PBXContainerItemProxy */;
		};
/* End PBXTargetDependency section */

/* Begin XCBuildConfiguration section */
		75BDB2CF27FDD1ED00C00EE7 /* Debug */ = {
			isa = XCBuildConfiguration;
			buildSettings = {
				ALWAYS_SEARCH_USER_PATHS = NO;
				CLANG_ANALYZER_NONNULL = YES;
				CLANG_ANALYZER_NUMBER_OBJECT_CONVERSION = YES_AGGRESSIVE;
				CLANG_CXX_LANGUAGE_STANDARD = "gnu++17";
				CLANG_ENABLE_MODULES = YES;
				CLANG_ENABLE_OBJC_ARC = YES;
				CLANG_ENABLE_OBJC_WEAK = YES;
				CLANG_WARN_BLOCK_CAPTURE_AUTORELEASING = YES;
				CLANG_WARN_BOOL_CONVERSION = YES;
				CLANG_WARN_COMMA = YES;
				CLANG_WARN_CONSTANT_CONVERSION = YES;
				CLANG_WARN_DEPRECATED_OBJC_IMPLEMENTATIONS = YES;
				CLANG_WARN_DIRECT_OBJC_ISA_USAGE = YES_ERROR;
				CLANG_WARN_DOCUMENTATION_COMMENTS = YES;
				CLANG_WARN_EMPTY_BODY = YES;
				CLANG_WARN_ENUM_CONVERSION = YES;
				CLANG_WARN_INFINITE_RECURSION = YES;
				CLANG_WARN_INT_CONVERSION = YES;
				CLANG_WARN_NON_LITERAL_NULL_CONVERSION = YES;
				CLANG_WARN_OBJC_IMPLICIT_RETAIN_SELF = YES;
				CLANG_WARN_OBJC_LITERAL_CONVERSION = YES;
				CLANG_WARN_OBJC_ROOT_CLASS = YES_ERROR;
				CLANG_WARN_QUOTED_INCLUDE_IN_FRAMEWORK_HEADER = YES;
				CLANG_WARN_RANGE_LOOP_ANALYSIS = YES;
				CLANG_WARN_STRICT_PROTOTYPES = YES;
				CLANG_WARN_SUSPICIOUS_MOVE = YES;
				CLANG_WARN_UNGUARDED_AVAILABILITY = YES_AGGRESSIVE;
				CLANG_WARN_UNREACHABLE_CODE = YES;
				CLANG_WARN__DUPLICATE_METHOD_MATCH = YES;
				COPY_PHASE_STRIP = NO;
				DEBUG_INFORMATION_FORMAT = dwarf;
				ENABLE_STRICT_OBJC_MSGSEND = YES;
				ENABLE_TESTABILITY = YES;
				GCC_C_LANGUAGE_STANDARD = gnu11;
				GCC_DYNAMIC_NO_PIC = NO;
				GCC_NO_COMMON_BLOCKS = YES;
				GCC_OPTIMIZATION_LEVEL = 0;
				GCC_PREPROCESSOR_DEFINITIONS = (
					"DEBUG=1",
					"$(inherited)",
				);
				GCC_WARN_64_TO_32_BIT_CONVERSION = YES;
				GCC_WARN_ABOUT_RETURN_TYPE = YES_ERROR;
				GCC_WARN_UNDECLARED_SELECTOR = YES;
				GCC_WARN_UNINITIALIZED_AUTOS = YES_AGGRESSIVE;
				GCC_WARN_UNUSED_FUNCTION = YES;
				GCC_WARN_UNUSED_VARIABLE = YES;
				IPHONEOS_DEPLOYMENT_TARGET = 15.0;
				MTL_ENABLE_DEBUG_INFO = INCLUDE_SOURCE;
				MTL_FAST_MATH = YES;
				ONLY_ACTIVE_ARCH = YES;
				SDKROOT = iphoneos;
				SWIFT_ACTIVE_COMPILATION_CONDITIONS = DEBUG;
				SWIFT_OPTIMIZATION_LEVEL = "-Onone";
			};
			name = Debug;
		};
		75BDB2D027FDD1ED00C00EE7 /* Release */ = {
			isa = XCBuildConfiguration;
			buildSettings = {
				ALWAYS_SEARCH_USER_PATHS = NO;
				CLANG_ANALYZER_NONNULL = YES;
				CLANG_ANALYZER_NUMBER_OBJECT_CONVERSION = YES_AGGRESSIVE;
				CLANG_CXX_LANGUAGE_STANDARD = "gnu++17";
				CLANG_ENABLE_MODULES = YES;
				CLANG_ENABLE_OBJC_ARC = YES;
				CLANG_ENABLE_OBJC_WEAK = YES;
				CLANG_WARN_BLOCK_CAPTURE_AUTORELEASING = YES;
				CLANG_WARN_BOOL_CONVERSION = YES;
				CLANG_WARN_COMMA = YES;
				CLANG_WARN_CONSTANT_CONVERSION = YES;
				CLANG_WARN_DEPRECATED_OBJC_IMPLEMENTATIONS = YES;
				CLANG_WARN_DIRECT_OBJC_ISA_USAGE = YES_ERROR;
				CLANG_WARN_DOCUMENTATION_COMMENTS = YES;
				CLANG_WARN_EMPTY_BODY = YES;
				CLANG_WARN_ENUM_CONVERSION = YES;
				CLANG_WARN_INFINITE_RECURSION = YES;
				CLANG_WARN_INT_CONVERSION = YES;
				CLANG_WARN_NON_LITERAL_NULL_CONVERSION = YES;
				CLANG_WARN_OBJC_IMPLICIT_RETAIN_SELF = YES;
				CLANG_WARN_OBJC_LITERAL_CONVERSION = YES;
				CLANG_WARN_OBJC_ROOT_CLASS = YES_ERROR;
				CLANG_WARN_QUOTED_INCLUDE_IN_FRAMEWORK_HEADER = YES;
				CLANG_WARN_RANGE_LOOP_ANALYSIS = YES;
				CLANG_WARN_STRICT_PROTOTYPES = YES;
				CLANG_WARN_SUSPICIOUS_MOVE = YES;
				CLANG_WARN_UNGUARDED_AVAILABILITY = YES_AGGRESSIVE;
				CLANG_WARN_UNREACHABLE_CODE = YES;
				CLANG_WARN__DUPLICATE_METHOD_MATCH = YES;
				COPY_PHASE_STRIP = NO;
				DEBUG_INFORMATION_FORMAT = "dwarf-with-dsym";
				ENABLE_NS_ASSERTIONS = NO;
				ENABLE_STRICT_OBJC_MSGSEND = YES;
				GCC_C_LANGUAGE_STANDARD = gnu11;
				GCC_NO_COMMON_BLOCKS = YES;
				GCC_WARN_64_TO_32_BIT_CONVERSION = YES;
				GCC_WARN_ABOUT_RETURN_TYPE = YES_ERROR;
				GCC_WARN_UNDECLARED_SELECTOR = YES;
				GCC_WARN_UNINITIALIZED_AUTOS = YES_AGGRESSIVE;
				GCC_WARN_UNUSED_FUNCTION = YES;
				GCC_WARN_UNUSED_VARIABLE = YES;
				IPHONEOS_DEPLOYMENT_TARGET = 15.0;
				MTL_ENABLE_DEBUG_INFO = NO;
				MTL_FAST_MATH = YES;
				SDKROOT = iphoneos;
				SWIFT_COMPILATION_MODE = wholemodule;
				SWIFT_OPTIMIZATION_LEVEL = "-O";
				VALIDATE_PRODUCT = YES;
			};
			name = Release;
		};
		75BDB2D227FDD1ED00C00EE7 /* Debug */ = {
			isa = XCBuildConfiguration;
			buildSettings = {
				ASSETCATALOG_COMPILER_APPICON_NAME = AppIcon;
				ASSETCATALOG_COMPILER_GLOBAL_ACCENT_COLOR_NAME = AccentColor;
				CODE_SIGN_IDENTITY = "Apple Development";
				CODE_SIGN_STYLE = Automatic;
				CURRENT_PROJECT_VERSION = 1;
				DEVELOPMENT_ASSET_PATHS = "\"MangaDokusha/Preview Content\"";
				DEVELOPMENT_TEAM = JPMPS53HUZ;
				ENABLE_PREVIEWS = YES;
				GENERATE_INFOPLIST_FILE = YES;
				INFOPLIST_KEY_UIApplicationSceneManifest_Generation = YES;
				INFOPLIST_KEY_UIApplicationSupportsIndirectInputEvents = YES;
				INFOPLIST_KEY_UILaunchScreen_Generation = YES;
				INFOPLIST_KEY_UISupportedInterfaceOrientations_iPad = "UIInterfaceOrientationPortrait UIInterfaceOrientationPortraitUpsideDown UIInterfaceOrientationLandscapeLeft UIInterfaceOrientationLandscapeRight";
				INFOPLIST_KEY_UISupportedInterfaceOrientations_iPhone = "UIInterfaceOrientationPortrait UIInterfaceOrientationLandscapeLeft UIInterfaceOrientationLandscapeRight";
				LD_RUNPATH_SEARCH_PATHS = (
					"$(inherited)",
					"@executable_path/Frameworks",
				);
				MARKETING_VERSION = 1.0;
				PRODUCT_BUNDLE_IDENTIFIER = com.selfProject.MangaDokusha;
				PRODUCT_NAME = "$(TARGET_NAME)";
				PROVISIONING_PROFILE_SPECIFIER = "";
				SWIFT_EMIT_LOC_STRINGS = YES;
				SWIFT_VERSION = 5.0;
				TARGETED_DEVICE_FAMILY = "1,2";
			};
			name = Debug;
		};
		75BDB2D327FDD1ED00C00EE7 /* Release */ = {
			isa = XCBuildConfiguration;
			buildSettings = {
				ASSETCATALOG_COMPILER_APPICON_NAME = AppIcon;
				ASSETCATALOG_COMPILER_GLOBAL_ACCENT_COLOR_NAME = AccentColor;
				CODE_SIGN_STYLE = Automatic;
				CURRENT_PROJECT_VERSION = 1;
				DEVELOPMENT_ASSET_PATHS = "\"MangaDokusha/Preview Content\"";
				DEVELOPMENT_TEAM = JPMPS53HUZ;
				ENABLE_PREVIEWS = YES;
				GENERATE_INFOPLIST_FILE = YES;
				INFOPLIST_KEY_UIApplicationSceneManifest_Generation = YES;
				INFOPLIST_KEY_UIApplicationSupportsIndirectInputEvents = YES;
				INFOPLIST_KEY_UILaunchScreen_Generation = YES;
				INFOPLIST_KEY_UISupportedInterfaceOrientations_iPad = "UIInterfaceOrientationPortrait UIInterfaceOrientationPortraitUpsideDown UIInterfaceOrientationLandscapeLeft UIInterfaceOrientationLandscapeRight";
				INFOPLIST_KEY_UISupportedInterfaceOrientations_iPhone = "UIInterfaceOrientationPortrait UIInterfaceOrientationLandscapeLeft UIInterfaceOrientationLandscapeRight";
				LD_RUNPATH_SEARCH_PATHS = (
					"$(inherited)",
					"@executable_path/Frameworks",
				);
				MARKETING_VERSION = 1.0;
				PRODUCT_BUNDLE_IDENTIFIER = com.selfProject.MangaDokusha;
				PRODUCT_NAME = "$(TARGET_NAME)";
				SWIFT_EMIT_LOC_STRINGS = YES;
				SWIFT_VERSION = 5.0;
				TARGETED_DEVICE_FAMILY = "1,2";
			};
			name = Release;
		};
		75BDB2D527FDD1ED00C00EE7 /* Debug */ = {
			isa = XCBuildConfiguration;
			buildSettings = {
				ALWAYS_EMBED_SWIFT_STANDARD_LIBRARIES = YES;
				BUNDLE_LOADER = "$(TEST_HOST)";
				CODE_SIGN_STYLE = Automatic;
				CURRENT_PROJECT_VERSION = 1;
				DEVELOPMENT_TEAM = JPMPS53HUZ;
				GENERATE_INFOPLIST_FILE = YES;
				IPHONEOS_DEPLOYMENT_TARGET = 15.4;
				MARKETING_VERSION = 1.0;
				PRODUCT_BUNDLE_IDENTIFIER = com.selfProject.MangaDokushaTests;
				PRODUCT_NAME = "$(TARGET_NAME)";
				SWIFT_EMIT_LOC_STRINGS = NO;
				SWIFT_VERSION = 5.0;
				TARGETED_DEVICE_FAMILY = "1,2";
				TEST_HOST = "$(BUILT_PRODUCTS_DIR)/MangaDokusha.app/MangaDokusha";
			};
			name = Debug;
		};
		75BDB2D627FDD1ED00C00EE7 /* Release */ = {
			isa = XCBuildConfiguration;
			buildSettings = {
				ALWAYS_EMBED_SWIFT_STANDARD_LIBRARIES = YES;
				BUNDLE_LOADER = "$(TEST_HOST)";
				CODE_SIGN_STYLE = Automatic;
				CURRENT_PROJECT_VERSION = 1;
				DEVELOPMENT_TEAM = JPMPS53HUZ;
				GENERATE_INFOPLIST_FILE = YES;
				IPHONEOS_DEPLOYMENT_TARGET = 15.4;
				MARKETING_VERSION = 1.0;
				PRODUCT_BUNDLE_IDENTIFIER = com.selfProject.MangaDokushaTests;
				PRODUCT_NAME = "$(TARGET_NAME)";
				SWIFT_EMIT_LOC_STRINGS = NO;
				SWIFT_VERSION = 5.0;
				TARGETED_DEVICE_FAMILY = "1,2";
				TEST_HOST = "$(BUILT_PRODUCTS_DIR)/MangaDokusha.app/MangaDokusha";
			};
			name = Release;
		};
		75BDB2D827FDD1ED00C00EE7 /* Debug */ = {
			isa = XCBuildConfiguration;
			buildSettings = {
				ALWAYS_EMBED_SWIFT_STANDARD_LIBRARIES = YES;
				CODE_SIGN_STYLE = Automatic;
				CURRENT_PROJECT_VERSION = 1;
				DEVELOPMENT_TEAM = JPMPS53HUZ;
				GENERATE_INFOPLIST_FILE = YES;
				MARKETING_VERSION = 1.0;
				PRODUCT_BUNDLE_IDENTIFIER = com.selfProject.MangaDokushaUITests;
				PRODUCT_NAME = "$(TARGET_NAME)";
				SWIFT_EMIT_LOC_STRINGS = NO;
				SWIFT_VERSION = 5.0;
				TARGETED_DEVICE_FAMILY = "1,2";
				TEST_TARGET_NAME = MangaDokusha;
			};
			name = Debug;
		};
		75BDB2D927FDD1ED00C00EE7 /* Release */ = {
			isa = XCBuildConfiguration;
			buildSettings = {
				ALWAYS_EMBED_SWIFT_STANDARD_LIBRARIES = YES;
				CODE_SIGN_STYLE = Automatic;
				CURRENT_PROJECT_VERSION = 1;
				DEVELOPMENT_TEAM = JPMPS53HUZ;
				GENERATE_INFOPLIST_FILE = YES;
				MARKETING_VERSION = 1.0;
				PRODUCT_BUNDLE_IDENTIFIER = com.selfProject.MangaDokushaUITests;
				PRODUCT_NAME = "$(TARGET_NAME)";
				SWIFT_EMIT_LOC_STRINGS = NO;
				SWIFT_VERSION = 5.0;
				TARGETED_DEVICE_FAMILY = "1,2";
				TEST_TARGET_NAME = MangaDokusha;
			};
			name = Release;
		};
/* End XCBuildConfiguration section */

/* Begin XCConfigurationList section */
		75BDB2A827FDD1EA00C00EE7 /* Build configuration list for PBXProject "MangaDokusha" */ = {
			isa = XCConfigurationList;
			buildConfigurations = (
				75BDB2CF27FDD1ED00C00EE7 /* Debug */,
				75BDB2D027FDD1ED00C00EE7 /* Release */,
			);
			defaultConfigurationIsVisible = 0;
			defaultConfigurationName = Release;
		};
		75BDB2D127FDD1ED00C00EE7 /* Build configuration list for PBXNativeTarget "MangaDokusha" */ = {
			isa = XCConfigurationList;
			buildConfigurations = (
				75BDB2D227FDD1ED00C00EE7 /* Debug */,
				75BDB2D327FDD1ED00C00EE7 /* Release */,
			);
			defaultConfigurationIsVisible = 0;
			defaultConfigurationName = Release;
		};
		75BDB2D427FDD1ED00C00EE7 /* Build configuration list for PBXNativeTarget "MangaDokushaTests" */ = {
			isa = XCConfigurationList;
			buildConfigurations = (
				75BDB2D527FDD1ED00C00EE7 /* Debug */,
				75BDB2D627FDD1ED00C00EE7 /* Release */,
			);
			defaultConfigurationIsVisible = 0;
			defaultConfigurationName = Release;
		};
		75BDB2D727FDD1ED00C00EE7 /* Build configuration list for PBXNativeTarget "MangaDokushaUITests" */ = {
			isa = XCConfigurationList;
			buildConfigurations = (
				75BDB2D827FDD1ED00C00EE7 /* Debug */,
				75BDB2D927FDD1ED00C00EE7 /* Release */,
			);
			defaultConfigurationIsVisible = 0;
			defaultConfigurationName = Release;
		};
/* End XCConfigurationList section */

/* Begin XCVersionGroup section */
		75B4CEA9282CD3EE003D7EA5 /* Model.xcdatamodeld */ = {
			isa = XCVersionGroup;
			children = (
				75B4CEAA282CD3EE003D7EA5 /* Model.xcdatamodel */,
			);
			currentVersion = 75B4CEAA282CD3EE003D7EA5 /* Model.xcdatamodel */;
			path = Model.xcdatamodeld;
			sourceTree = "<group>";
			versionGroupType = wrapper.xcdatamodel;
		};
/* End XCVersionGroup section */
	};
	rootObject = 75BDB2A527FDD1EA00C00EE7 /* Project object */;
}
